// !$*UTF8*$!
{
	archiveVersion = 1;
	classes = {
	};
	objectVersion = 55;
	objects = {

/* Begin PBXBuildFile section */
		6A0CDC4328864012009353E8 /* Search.storyboard in Resources */ = {isa = PBXBuildFile; fileRef = 6A0CDC4228864012009353E8 /* Search.storyboard */; };
		6A0CDC4528864040009353E8 /* Trend.storyboard in Resources */ = {isa = PBXBuildFile; fileRef = 6A0CDC4428864040009353E8 /* Trend.storyboard */; };
		6A0CDC472886407A009353E8 /* Intro.storyboard in Resources */ = {isa = PBXBuildFile; fileRef = 6A0CDC462886407A009353E8 /* Intro.storyboard */; };
		6A4C76BF2886E96E00FD58F5 /* Shopping.storyboard in Resources */ = {isa = PBXBuildFile; fileRef = 6A4C76BE2886E96E00FD58F5 /* Shopping.storyboard */; };
		6A4C76C12886ED1400FD58F5 /* ShoppingTableViewController.swift in Sources */ = {isa = PBXBuildFile; fileRef = 6A4C76C02886ED1400FD58F5 /* ShoppingTableViewController.swift */; };
		6A4C76C32886ED3700FD58F5 /* ShoppingTableViewCell.swift in Sources */ = {isa = PBXBuildFile; fileRef = 6A4C76C22886ED3700FD58F5 /* ShoppingTableViewCell.swift */; };
		6A4C76C52886F65100FD58F5 /* SearchTableViewCell.swift in Sources */ = {isa = PBXBuildFile; fileRef = 6A4C76C42886F65100FD58F5 /* SearchTableViewCell.swift */; };
		6A4C76C72886F67C00FD58F5 /* SearchTableViewController.swift in Sources */ = {isa = PBXBuildFile; fileRef = 6A4C76C62886F67C00FD58F5 /* SearchTableViewController.swift */; };
		6A60ABAC288643F9001DD6A8 /* TrendViewController.swift in Sources */ = {isa = PBXBuildFile; fileRef = 6A60ABAB288643F9001DD6A8 /* TrendViewController.swift */; };
		6A60ABAE28864412001DD6A8 /* SearchViewController.swift in Sources */ = {isa = PBXBuildFile; fileRef = 6A60ABAD28864412001DD6A8 /* SearchViewController.swift */; };
		6A60ABB128864530001DD6A8 /* UIViewController+Extension.swift in Sources */ = {isa = PBXBuildFile; fileRef = 6A60ABB028864530001DD6A8 /* UIViewController+Extension.swift */; };
		6A60ABB32886478B001DD6A8 /* UITextField+Extension.swift in Sources */ = {isa = PBXBuildFile; fileRef = 6A60ABB22886478A001DD6A8 /* UITextField+Extension.swift */; };
		6A60ABB528864B9C001DD6A8 /* BucketListTableViewController.swift in Sources */ = {isa = PBXBuildFile; fileRef = 6A60ABB428864B9C001DD6A8 /* BucketListTableViewController.swift */; };
		6A60ABB728864D98001DD6A8 /* BucketListTableViewCell.swift in Sources */ = {isa = PBXBuildFile; fileRef = 6A60ABB628864D97001DD6A8 /* BucketListTableViewCell.swift */; };
		6AA7B98B2884DDD3008E445D /* AppDelegate.swift in Sources */ = {isa = PBXBuildFile; fileRef = 6AA7B98A2884DDD3008E445D /* AppDelegate.swift */; };
		6AA7B98D2884DDD3008E445D /* SceneDelegate.swift in Sources */ = {isa = PBXBuildFile; fileRef = 6AA7B98C2884DDD3008E445D /* SceneDelegate.swift */; };
		6AA7B98F2884DDD3008E445D /* ViewController.swift in Sources */ = {isa = PBXBuildFile; fileRef = 6AA7B98E2884DDD3008E445D /* ViewController.swift */; };
		6AA7B9922884DDD3008E445D /* Main.storyboard in Resources */ = {isa = PBXBuildFile; fileRef = 6AA7B9902884DDD3008E445D /* Main.storyboard */; };
		6AA7B9942884DDD5008E445D /* Assets.xcassets in Resources */ = {isa = PBXBuildFile; fileRef = 6AA7B9932884DDD5008E445D /* Assets.xcassets */; };
		6AA7B9972884DDD5008E445D /* LaunchScreen.storyboard in Resources */ = {isa = PBXBuildFile; fileRef = 6AA7B9952884DDD5008E445D /* LaunchScreen.storyboard */; };
		6AA7B99F2884F10C008E445D /* Home.storyboard in Resources */ = {isa = PBXBuildFile; fileRef = 6AA7B99E2884F10C008E445D /* Home.storyboard */; };
		6AA7B9A12884FE3F008E445D /* HomeTableViewController.swift in Sources */ = {isa = PBXBuildFile; fileRef = 6AA7B9A02884FE3F008E445D /* HomeTableViewController.swift */; };
		6AA7B9A328858975008E445D /* Setting.storyboard in Resources */ = {isa = PBXBuildFile; fileRef = 6AA7B9A228858975008E445D /* Setting.storyboard */; };
		6AA7B9A528859043008E445D /* SettingTableViewController.swift in Sources */ = {isa = PBXBuildFile; fileRef = 6AA7B9A428859043008E445D /* SettingTableViewController.swift */; };
		6ABEC47428878C9D00BE6F92 /* Movie.swift in Sources */ = {isa = PBXBuildFile; fileRef = 6ABEC47328878C9D00BE6F92 /* Movie.swift */; };
		6ABEC4762887953400BE6F92 /* MovieInfo.swift in Sources */ = {isa = PBXBuildFile; fileRef = 6ABEC4752887953400BE6F92 /* MovieInfo.swift */; };
		6ABEC47828879A6A00BE6F92 /* TrendCollectionViewController.swift in Sources */ = {isa = PBXBuildFile; fileRef = 6ABEC47728879A6A00BE6F92 /* TrendCollectionViewController.swift */; };
		6ABEC47A28879A9C00BE6F92 /* TrendCollectionViewCell.swift in Sources */ = {isa = PBXBuildFile; fileRef = 6ABEC47928879A9C00BE6F92 /* TrendCollectionViewCell.swift */; };
		6ABEC47D2887AE5A00BE6F92 /* Kingfisher in Frameworks */ = {isa = PBXBuildFile; productRef = 6ABEC47C2887AE5A00BE6F92 /* Kingfisher */; };
		6ABEC4802887AE6C00BE6F92 /* Toast in Frameworks */ = {isa = PBXBuildFile; productRef = 6ABEC47F2887AE6C00BE6F92 /* Toast */; };
		6AC19B55288846F20042735D /* Library.storyboard in Resources */ = {isa = PBXBuildFile; fileRef = 6AC19B54288846F20042735D /* Library.storyboard */; };
		6AC19B57288848E80042735D /* LibraryCollectionViewController.swift in Sources */ = {isa = PBXBuildFile; fileRef = 6AC19B56288848E80042735D /* LibraryCollectionViewController.swift */; };
		6AC19B592888496D0042735D /* LibraryCollectionViewCell.swift in Sources */ = {isa = PBXBuildFile; fileRef = 6AC19B582888496D0042735D /* LibraryCollectionViewCell.swift */; };
		6AC19B5B288849FD0042735D /* BookInfo.swift in Sources */ = {isa = PBXBuildFile; fileRef = 6AC19B5A288849FD0042735D /* BookInfo.swift */; };
/* End PBXBuildFile section */

/* Begin PBXFileReference section */
		6A0CDC4228864012009353E8 /* Search.storyboard */ = {isa = PBXFileReference; lastKnownFileType = file.storyboard; path = Search.storyboard; sourceTree = "<group>"; };
		6A0CDC4428864040009353E8 /* Trend.storyboard */ = {isa = PBXFileReference; lastKnownFileType = file.storyboard; path = Trend.storyboard; sourceTree = "<group>"; };
		6A0CDC462886407A009353E8 /* Intro.storyboard */ = {isa = PBXFileReference; lastKnownFileType = file.storyboard; path = Intro.storyboard; sourceTree = "<group>"; };
		6A4C76BE2886E96E00FD58F5 /* Shopping.storyboard */ = {isa = PBXFileReference; lastKnownFileType = file.storyboard; path = Shopping.storyboard; sourceTree = "<group>"; };
		6A4C76C02886ED1400FD58F5 /* ShoppingTableViewController.swift */ = {isa = PBXFileReference; lastKnownFileType = sourcecode.swift; path = ShoppingTableViewController.swift; sourceTree = "<group>"; };
		6A4C76C22886ED3700FD58F5 /* ShoppingTableViewCell.swift */ = {isa = PBXFileReference; lastKnownFileType = sourcecode.swift; path = ShoppingTableViewCell.swift; sourceTree = "<group>"; };
		6A4C76C42886F65100FD58F5 /* SearchTableViewCell.swift */ = {isa = PBXFileReference; lastKnownFileType = sourcecode.swift; path = SearchTableViewCell.swift; sourceTree = "<group>"; };
		6A4C76C62886F67C00FD58F5 /* SearchTableViewController.swift */ = {isa = PBXFileReference; lastKnownFileType = sourcecode.swift; path = SearchTableViewController.swift; sourceTree = "<group>"; };
		6A60ABAB288643F9001DD6A8 /* TrendViewController.swift */ = {isa = PBXFileReference; lastKnownFileType = sourcecode.swift; path = TrendViewController.swift; sourceTree = "<group>"; };
		6A60ABAD28864412001DD6A8 /* SearchViewController.swift */ = {isa = PBXFileReference; lastKnownFileType = sourcecode.swift; path = SearchViewController.swift; sourceTree = "<group>"; };
		6A60ABB028864530001DD6A8 /* UIViewController+Extension.swift */ = {isa = PBXFileReference; lastKnownFileType = sourcecode.swift; path = "UIViewController+Extension.swift"; sourceTree = "<group>"; };
		6A60ABB22886478A001DD6A8 /* UITextField+Extension.swift */ = {isa = PBXFileReference; lastKnownFileType = sourcecode.swift; path = "UITextField+Extension.swift"; sourceTree = "<group>"; };
		6A60ABB428864B9C001DD6A8 /* BucketListTableViewController.swift */ = {isa = PBXFileReference; lastKnownFileType = sourcecode.swift; path = BucketListTableViewController.swift; sourceTree = "<group>"; };
		6A60ABB628864D97001DD6A8 /* BucketListTableViewCell.swift */ = {isa = PBXFileReference; lastKnownFileType = sourcecode.swift; path = BucketListTableViewCell.swift; sourceTree = "<group>"; };
		6AA7B9872884DDD3008E445D /* TrendMedia.app */ = {isa = PBXFileReference; explicitFileType = wrapper.application; includeInIndex = 0; path = TrendMedia.app; sourceTree = BUILT_PRODUCTS_DIR; };
		6AA7B98A2884DDD3008E445D /* AppDelegate.swift */ = {isa = PBXFileReference; lastKnownFileType = sourcecode.swift; path = AppDelegate.swift; sourceTree = "<group>"; };
		6AA7B98C2884DDD3008E445D /* SceneDelegate.swift */ = {isa = PBXFileReference; lastKnownFileType = sourcecode.swift; path = SceneDelegate.swift; sourceTree = "<group>"; };
		6AA7B98E2884DDD3008E445D /* ViewController.swift */ = {isa = PBXFileReference; lastKnownFileType = sourcecode.swift; path = ViewController.swift; sourceTree = "<group>"; };
		6AA7B9912884DDD3008E445D /* Base */ = {isa = PBXFileReference; lastKnownFileType = file.storyboard; name = Base; path = Base.lproj/Main.storyboard; sourceTree = "<group>"; };
		6AA7B9932884DDD5008E445D /* Assets.xcassets */ = {isa = PBXFileReference; lastKnownFileType = folder.assetcatalog; path = Assets.xcassets; sourceTree = "<group>"; };
		6AA7B9962884DDD5008E445D /* Base */ = {isa = PBXFileReference; lastKnownFileType = file.storyboard; name = Base; path = Base.lproj/LaunchScreen.storyboard; sourceTree = "<group>"; };
		6AA7B9982884DDD5008E445D /* Info.plist */ = {isa = PBXFileReference; lastKnownFileType = text.plist.xml; path = Info.plist; sourceTree = "<group>"; };
		6AA7B99E2884F10C008E445D /* Home.storyboard */ = {isa = PBXFileReference; lastKnownFileType = file.storyboard; path = Home.storyboard; sourceTree = "<group>"; };
		6AA7B9A02884FE3F008E445D /* HomeTableViewController.swift */ = {isa = PBXFileReference; lastKnownFileType = sourcecode.swift; path = HomeTableViewController.swift; sourceTree = "<group>"; };
		6AA7B9A228858975008E445D /* Setting.storyboard */ = {isa = PBXFileReference; lastKnownFileType = file.storyboard; path = Setting.storyboard; sourceTree = "<group>"; };
		6AA7B9A428859043008E445D /* SettingTableViewController.swift */ = {isa = PBXFileReference; lastKnownFileType = sourcecode.swift; path = SettingTableViewController.swift; sourceTree = "<group>"; };
		6ABEC47328878C9D00BE6F92 /* Movie.swift */ = {isa = PBXFileReference; lastKnownFileType = sourcecode.swift; path = Movie.swift; sourceTree = "<group>"; };
		6ABEC4752887953400BE6F92 /* MovieInfo.swift */ = {isa = PBXFileReference; fileEncoding = 4; lastKnownFileType = sourcecode.swift; path = MovieInfo.swift; sourceTree = "<group>"; };
		6ABEC47728879A6A00BE6F92 /* TrendCollectionViewController.swift */ = {isa = PBXFileReference; lastKnownFileType = sourcecode.swift; path = TrendCollectionViewController.swift; sourceTree = "<group>"; };
		6ABEC47928879A9C00BE6F92 /* TrendCollectionViewCell.swift */ = {isa = PBXFileReference; lastKnownFileType = sourcecode.swift; path = TrendCollectionViewCell.swift; sourceTree = "<group>"; };
		6AC19B54288846F20042735D /* Library.storyboard */ = {isa = PBXFileReference; lastKnownFileType = file.storyboard; path = Library.storyboard; sourceTree = "<group>"; };
		6AC19B56288848E80042735D /* LibraryCollectionViewController.swift */ = {isa = PBXFileReference; lastKnownFileType = sourcecode.swift; path = LibraryCollectionViewController.swift; sourceTree = "<group>"; };
		6AC19B582888496D0042735D /* LibraryCollectionViewCell.swift */ = {isa = PBXFileReference; lastKnownFileType = sourcecode.swift; path = LibraryCollectionViewCell.swift; sourceTree = "<group>"; };
		6AC19B5A288849FD0042735D /* BookInfo.swift */ = {isa = PBXFileReference; lastKnownFileType = sourcecode.swift; path = BookInfo.swift; sourceTree = "<group>"; };
/* End PBXFileReference section */

/* Begin PBXFrameworksBuildPhase section */
		6AA7B9842884DDD3008E445D /* Frameworks */ = {
			isa = PBXFrameworksBuildPhase;
			buildActionMask = 2147483647;
			files = (
				6ABEC4802887AE6C00BE6F92 /* Toast in Frameworks */,
				6ABEC47D2887AE5A00BE6F92 /* Kingfisher in Frameworks */,
			);
			runOnlyForDeploymentPostprocessing = 0;
		};
/* End PBXFrameworksBuildPhase section */

/* Begin PBXGroup section */
		6A60ABAF288644D2001DD6A8 /* TrendMediaPractice */ = {
			isa = PBXGroup;
			children = (
				6ABEC4752887953400BE6F92 /* MovieInfo.swift */,
				6A0CDC462886407A009353E8 /* Intro.storyboard */,
				6A0CDC4428864040009353E8 /* Trend.storyboard */,
				6ABEC47928879A9C00BE6F92 /* TrendCollectionViewCell.swift */,
				6ABEC47728879A6A00BE6F92 /* TrendCollectionViewController.swift */,
				6A60ABB428864B9C001DD6A8 /* BucketListTableViewController.swift */,
				6A60ABB628864D97001DD6A8 /* BucketListTableViewCell.swift */,
				6A0CDC4228864012009353E8 /* Search.storyboard */,
				6A4C76C62886F67C00FD58F5 /* SearchTableViewController.swift */,
				6A4C76C42886F65100FD58F5 /* SearchTableViewCell.swift */,
				6ABEC47328878C9D00BE6F92 /* Movie.swift */,
				6AA7B9A228858975008E445D /* Setting.storyboard */,
				6A60ABAD28864412001DD6A8 /* SearchViewController.swift */,
				6A60ABB22886478A001DD6A8 /* UITextField+Extension.swift */,
				6A60ABB028864530001DD6A8 /* UIViewController+Extension.swift */,
				6A60ABAB288643F9001DD6A8 /* TrendViewController.swift */,
				6AA7B9A428859043008E445D /* SettingTableViewController.swift */,
			);
			path = TrendMediaPractice;
			sourceTree = "<group>";
		};
		6AA7B97E2884DDD3008E445D = {
			isa = PBXGroup;
			children = (
				6AA7B9892884DDD3008E445D /* TrendMedia */,
				6AA7B9882884DDD3008E445D /* Products */,
			);
			sourceTree = "<group>";
		};
		6AA7B9882884DDD3008E445D /* Products */ = {
			isa = PBXGroup;
			children = (
				6AA7B9872884DDD3008E445D /* TrendMedia.app */,
			);
			name = Products;
			sourceTree = "<group>";
		};
		6AA7B9892884DDD3008E445D /* TrendMedia */ = {
			isa = PBXGroup;
			children = (
				6AC19B54288846F20042735D /* Library.storyboard */,
				6AC19B582888496D0042735D /* LibraryCollectionViewCell.swift */,
				6AC19B56288848E80042735D /* LibraryCollectionViewController.swift */,
				6AC19B5A288849FD0042735D /* BookInfo.swift */,
				6AA7B9A02884FE3F008E445D /* HomeTableViewController.swift */,
				6AA7B98A2884DDD3008E445D /* AppDelegate.swift */,
				6A4C76BE2886E96E00FD58F5 /* Shopping.storyboard */,
				6A4C76C02886ED1400FD58F5 /* ShoppingTableViewController.swift */,
				6A4C76C22886ED3700FD58F5 /* ShoppingTableViewCell.swift */,
				6AA7B98C2884DDD3008E445D /* SceneDelegate.swift */,
				6AA7B98E2884DDD3008E445D /* ViewController.swift */,
				6AA7B9902884DDD3008E445D /* Main.storyboard */,
				6AA7B99E2884F10C008E445D /* Home.storyboard */,
				6A60ABAF288644D2001DD6A8 /* TrendMediaPractice */,
				6AA7B9932884DDD5008E445D /* Assets.xcassets */,
				6AA7B9952884DDD5008E445D /* LaunchScreen.storyboard */,
				6AA7B9982884DDD5008E445D /* Info.plist */,
			);
			path = TrendMedia;
			sourceTree = "<group>";
		};
/* End PBXGroup section */

/* Begin PBXNativeTarget section */
		6AA7B9862884DDD3008E445D /* TrendMedia */ = {
			isa = PBXNativeTarget;
			buildConfigurationList = 6AA7B99B2884DDD5008E445D /* Build configuration list for PBXNativeTarget "TrendMedia" */;
			buildPhases = (
				6AA7B9832884DDD3008E445D /* Sources */,
				6AA7B9842884DDD3008E445D /* Frameworks */,
				6AA7B9852884DDD3008E445D /* Resources */,
			);
			buildRules = (
			);
			dependencies = (
			);
			name = TrendMedia;
			packageProductDependencies = (
				6ABEC47C2887AE5A00BE6F92 /* Kingfisher */,
				6ABEC47F2887AE6C00BE6F92 /* Toast */,
			);
			productName = TrendMedia;
			productReference = 6AA7B9872884DDD3008E445D /* TrendMedia.app */;
			productType = "com.apple.product-type.application";
		};
/* End PBXNativeTarget section */

/* Begin PBXProject section */
		6AA7B97F2884DDD3008E445D /* Project object */ = {
			isa = PBXProject;
			attributes = {
				BuildIndependentTargetsInParallel = 1;
				LastSwiftUpdateCheck = 1340;
				LastUpgradeCheck = 1340;
				TargetAttributes = {
					6AA7B9862884DDD3008E445D = {
						CreatedOnToolsVersion = 13.4.1;
					};
				};
			};
			buildConfigurationList = 6AA7B9822884DDD3008E445D /* Build configuration list for PBXProject "TrendMedia" */;
			compatibilityVersion = "Xcode 13.0";
			developmentRegion = en;
			hasScannedForEncodings = 0;
			knownRegions = (
				en,
				Base,
			);
			mainGroup = 6AA7B97E2884DDD3008E445D;
			packageReferences = (
				6ABEC47B2887AE5A00BE6F92 /* XCRemoteSwiftPackageReference "Kingfisher" */,
				6ABEC47E2887AE6C00BE6F92 /* XCRemoteSwiftPackageReference "Toast-Swift" */,
			);
			productRefGroup = 6AA7B9882884DDD3008E445D /* Products */;
			projectDirPath = "";
			projectRoot = "";
			targets = (
				6AA7B9862884DDD3008E445D /* TrendMedia */,
			);
		};
/* End PBXProject section */

/* Begin PBXResourcesBuildPhase section */
		6AA7B9852884DDD3008E445D /* Resources */ = {
			isa = PBXResourcesBuildPhase;
			buildActionMask = 2147483647;
			files = (
				6A0CDC4528864040009353E8 /* Trend.storyboard in Resources */,
				6AA7B9972884DDD5008E445D /* LaunchScreen.storyboard in Resources */,
				6AC19B55288846F20042735D /* Library.storyboard in Resources */,
				6AA7B9942884DDD5008E445D /* Assets.xcassets in Resources */,
				6A0CDC472886407A009353E8 /* Intro.storyboard in Resources */,
				6AA7B9A328858975008E445D /* Setting.storyboard in Resources */,
				6AA7B9922884DDD3008E445D /* Main.storyboard in Resources */,
				6A4C76BF2886E96E00FD58F5 /* Shopping.storyboard in Resources */,
				6A0CDC4328864012009353E8 /* Search.storyboard in Resources */,
				6AA7B99F2884F10C008E445D /* Home.storyboard in Resources */,
			);
			runOnlyForDeploymentPostprocessing = 0;
		};
/* End PBXResourcesBuildPhase section */

/* Begin PBXSourcesBuildPhase section */
		6AA7B9832884DDD3008E445D /* Sources */ = {
			isa = PBXSourcesBuildPhase;
			buildActionMask = 2147483647;
			files = (
				6ABEC4762887953400BE6F92 /* MovieInfo.swift in Sources */,
				6AC19B592888496D0042735D /* LibraryCollectionViewCell.swift in Sources */,
				6A60ABB32886478B001DD6A8 /* UITextField+Extension.swift in Sources */,
				6ABEC47828879A6A00BE6F92 /* TrendCollectionViewController.swift in Sources */,
				6A4C76C32886ED3700FD58F5 /* ShoppingTableViewCell.swift in Sources */,
				6A4C76C12886ED1400FD58F5 /* ShoppingTableViewController.swift in Sources */,
				6A60ABB728864D98001DD6A8 /* BucketListTableViewCell.swift in Sources */,
				6A60ABB528864B9C001DD6A8 /* BucketListTableViewController.swift in Sources */,
				6A60ABB128864530001DD6A8 /* UIViewController+Extension.swift in Sources */,
				6ABEC47428878C9D00BE6F92 /* Movie.swift in Sources */,
				6AA7B9A12884FE3F008E445D /* HomeTableViewController.swift in Sources */,
				6A4C76C72886F67C00FD58F5 /* SearchTableViewController.swift in Sources */,
				6ABEC47A28879A9C00BE6F92 /* TrendCollectionViewCell.swift in Sources */,
				6AC19B57288848E80042735D /* LibraryCollectionViewController.swift in Sources */,
				6A60ABAE28864412001DD6A8 /* SearchViewController.swift in Sources */,
				6AA7B98F2884DDD3008E445D /* ViewController.swift in Sources */,
				6AA7B98B2884DDD3008E445D /* AppDelegate.swift in Sources */,
				6AA7B98D2884DDD3008E445D /* SceneDelegate.swift in Sources */,
				6AC19B5B288849FD0042735D /* BookInfo.swift in Sources */,
				6A60ABAC288643F9001DD6A8 /* TrendViewController.swift in Sources */,
				6AA7B9A528859043008E445D /* SettingTableViewController.swift in Sources */,
				6A4C76C52886F65100FD58F5 /* SearchTableViewCell.swift in Sources */,
			);
			runOnlyForDeploymentPostprocessing = 0;
		};
/* End PBXSourcesBuildPhase section */

/* Begin PBXVariantGroup section */
		6AA7B9902884DDD3008E445D /* Main.storyboard */ = {
			isa = PBXVariantGroup;
			children = (
				6AA7B9912884DDD3008E445D /* Base */,
			);
			name = Main.storyboard;
			sourceTree = "<group>";
		};
		6AA7B9952884DDD5008E445D /* LaunchScreen.storyboard */ = {
			isa = PBXVariantGroup;
			children = (
				6AA7B9962884DDD5008E445D /* Base */,
			);
			name = LaunchScreen.storyboard;
			sourceTree = "<group>";
		};
/* End PBXVariantGroup section */

/* Begin XCBuildConfiguration section */
		6AA7B9992884DDD5008E445D /* Debug */ = {
			isa = XCBuildConfiguration;
			buildSettings = {
				ALWAYS_SEARCH_USER_PATHS = NO;
				CLANG_ANALYZER_NONNULL = YES;
				CLANG_ANALYZER_NUMBER_OBJECT_CONVERSION = YES_AGGRESSIVE;
				CLANG_CXX_LANGUAGE_STANDARD = "gnu++17";
				CLANG_ENABLE_MODULES = YES;
				CLANG_ENABLE_OBJC_ARC = YES;
				CLANG_ENABLE_OBJC_WEAK = YES;
				CLANG_WARN_BLOCK_CAPTURE_AUTORELEASING = YES;
				CLANG_WARN_BOOL_CONVERSION = YES;
				CLANG_WARN_COMMA = YES;
				CLANG_WARN_CONSTANT_CONVERSION = YES;
				CLANG_WARN_DEPRECATED_OBJC_IMPLEMENTATIONS = YES;
				CLANG_WARN_DIRECT_OBJC_ISA_USAGE = YES_ERROR;
				CLANG_WARN_DOCUMENTATION_COMMENTS = YES;
				CLANG_WARN_EMPTY_BODY = YES;
				CLANG_WARN_ENUM_CONVERSION = YES;
				CLANG_WARN_INFINITE_RECURSION = YES;
				CLANG_WARN_INT_CONVERSION = YES;
				CLANG_WARN_NON_LITERAL_NULL_CONVERSION = YES;
				CLANG_WARN_OBJC_IMPLICIT_RETAIN_SELF = YES;
				CLANG_WARN_OBJC_LITERAL_CONVERSION = YES;
				CLANG_WARN_OBJC_ROOT_CLASS = YES_ERROR;
				CLANG_WARN_QUOTED_INCLUDE_IN_FRAMEWORK_HEADER = YES;
				CLANG_WARN_RANGE_LOOP_ANALYSIS = YES;
				CLANG_WARN_STRICT_PROTOTYPES = YES;
				CLANG_WARN_SUSPICIOUS_MOVE = YES;
				CLANG_WARN_UNGUARDED_AVAILABILITY = YES_AGGRESSIVE;
				CLANG_WARN_UNREACHABLE_CODE = YES;
				CLANG_WARN__DUPLICATE_METHOD_MATCH = YES;
				COPY_PHASE_STRIP = NO;
				DEBUG_INFORMATION_FORMAT = dwarf;
				ENABLE_STRICT_OBJC_MSGSEND = YES;
				ENABLE_TESTABILITY = YES;
				GCC_C_LANGUAGE_STANDARD = gnu11;
				GCC_DYNAMIC_NO_PIC = NO;
				GCC_NO_COMMON_BLOCKS = YES;
				GCC_OPTIMIZATION_LEVEL = 0;
				GCC_PREPROCESSOR_DEFINITIONS = (
					"DEBUG=1",
					"$(inherited)",
				);
				GCC_WARN_64_TO_32_BIT_CONVERSION = YES;
				GCC_WARN_ABOUT_RETURN_TYPE = YES_ERROR;
				GCC_WARN_UNDECLARED_SELECTOR = YES;
				GCC_WARN_UNINITIALIZED_AUTOS = YES_AGGRESSIVE;
				GCC_WARN_UNUSED_FUNCTION = YES;
				GCC_WARN_UNUSED_VARIABLE = YES;
				IPHONEOS_DEPLOYMENT_TARGET = 15.5;
				MTL_ENABLE_DEBUG_INFO = INCLUDE_SOURCE;
				MTL_FAST_MATH = YES;
				ONLY_ACTIVE_ARCH = YES;
				SDKROOT = iphoneos;
				SWIFT_ACTIVE_COMPILATION_CONDITIONS = DEBUG;
				SWIFT_OPTIMIZATION_LEVEL = "-Onone";
			};
			name = Debug;
		};
		6AA7B99A2884DDD5008E445D /* Release */ = {
			isa = XCBuildConfiguration;
			buildSettings = {
				ALWAYS_SEARCH_USER_PATHS = NO;
				CLANG_ANALYZER_NONNULL = YES;
				CLANG_ANALYZER_NUMBER_OBJECT_CONVERSION = YES_AGGRESSIVE;
				CLANG_CXX_LANGUAGE_STANDARD = "gnu++17";
				CLANG_ENABLE_MODULES = YES;
				CLANG_ENABLE_OBJC_ARC = YES;
				CLANG_ENABLE_OBJC_WEAK = YES;
				CLANG_WARN_BLOCK_CAPTURE_AUTORELEASING = YES;
				CLANG_WARN_BOOL_CONVERSION = YES;
				CLANG_WARN_COMMA = YES;
				CLANG_WARN_CONSTANT_CONVERSION = YES;
				CLANG_WARN_DEPRECATED_OBJC_IMPLEMENTATIONS = YES;
				CLANG_WARN_DIRECT_OBJC_ISA_USAGE = YES_ERROR;
				CLANG_WARN_DOCUMENTATION_COMMENTS = YES;
				CLANG_WARN_EMPTY_BODY = YES;
				CLANG_WARN_ENUM_CONVERSION = YES;
				CLANG_WARN_INFINITE_RECURSION = YES;
				CLANG_WARN_INT_CONVERSION = YES;
				CLANG_WARN_NON_LITERAL_NULL_CONVERSION = YES;
				CLANG_WARN_OBJC_IMPLICIT_RETAIN_SELF = YES;
				CLANG_WARN_OBJC_LITERAL_CONVERSION = YES;
				CLANG_WARN_OBJC_ROOT_CLASS = YES_ERROR;
				CLANG_WARN_QUOTED_INCLUDE_IN_FRAMEWORK_HEADER = YES;
				CLANG_WARN_RANGE_LOOP_ANALYSIS = YES;
				CLANG_WARN_STRICT_PROTOTYPES = YES;
				CLANG_WARN_SUSPICIOUS_MOVE = YES;
				CLANG_WARN_UNGUARDED_AVAILABILITY = YES_AGGRESSIVE;
				CLANG_WARN_UNREACHABLE_CODE = YES;
				CLANG_WARN__DUPLICATE_METHOD_MATCH = YES;
				COPY_PHASE_STRIP = NO;
				DEBUG_INFORMATION_FORMAT = "dwarf-with-dsym";
				ENABLE_NS_ASSERTIONS = NO;
				ENABLE_STRICT_OBJC_MSGSEND = YES;
				GCC_C_LANGUAGE_STANDARD = gnu11;
				GCC_NO_COMMON_BLOCKS = YES;
				GCC_WARN_64_TO_32_BIT_CONVERSION = YES;
				GCC_WARN_ABOUT_RETURN_TYPE = YES_ERROR;
				GCC_WARN_UNDECLARED_SELECTOR = YES;
				GCC_WARN_UNINITIALIZED_AUTOS = YES_AGGRESSIVE;
				GCC_WARN_UNUSED_FUNCTION = YES;
				GCC_WARN_UNUSED_VARIABLE = YES;
				IPHONEOS_DEPLOYMENT_TARGET = 15.5;
				MTL_ENABLE_DEBUG_INFO = NO;
				MTL_FAST_MATH = YES;
				SDKROOT = iphoneos;
				SWIFT_COMPILATION_MODE = wholemodule;
				SWIFT_OPTIMIZATION_LEVEL = "-O";
				VALIDATE_PRODUCT = YES;
			};
			name = Release;
		};
		6AA7B99C2884DDD5008E445D /* Debug */ = {
			isa = XCBuildConfiguration;
			buildSettings = {
				ASSETCATALOG_COMPILER_APPICON_NAME = AppIcon;
				ASSETCATALOG_COMPILER_GLOBAL_ACCENT_COLOR_NAME = AccentColor;
				CODE_SIGN_STYLE = Automatic;
				CURRENT_PROJECT_VERSION = 1;
				GENERATE_INFOPLIST_FILE = YES;
				INFOPLIST_FILE = TrendMedia/Info.plist;
				INFOPLIST_KEY_UIApplicationSupportsIndirectInputEvents = YES;
				INFOPLIST_KEY_UILaunchStoryboardName = LaunchScreen;
				INFOPLIST_KEY_UIMainStoryboardFile = Library;
				INFOPLIST_KEY_UISupportedInterfaceOrientations_iPad = "UIInterfaceOrientationPortrait UIInterfaceOrientationPortraitUpsideDown UIInterfaceOrientationLandscapeLeft UIInterfaceOrientationLandscapeRight";
				INFOPLIST_KEY_UISupportedInterfaceOrientations_iPhone = "UIInterfaceOrientationPortrait UIInterfaceOrientationLandscapeLeft UIInterfaceOrientationLandscapeRight";
				LD_RUNPATH_SEARCH_PATHS = (
					"$(inherited)",
					"@executable_path/Frameworks",
				);
				MARKETING_VERSION = 1.0;
				PRODUCT_BUNDLE_IDENTIFIER = com.jonghwan.TrendMedia;
				PRODUCT_NAME = "$(TARGET_NAME)";
				SWIFT_EMIT_LOC_STRINGS = YES;
				SWIFT_VERSION = 5.0;
				TARGETED_DEVICE_FAMILY = "1,2";
			};
			name = Debug;
		};
		6AA7B99D2884DDD5008E445D /* Release */ = {
			isa = XCBuildConfiguration;
			buildSettings = {
				ASSETCATALOG_COMPILER_APPICON_NAME = AppIcon;
				ASSETCATALOG_COMPILER_GLOBAL_ACCENT_COLOR_NAME = AccentColor;
				CODE_SIGN_STYLE = Automatic;
				CURRENT_PROJECT_VERSION = 1;
				GENERATE_INFOPLIST_FILE = YES;
				INFOPLIST_FILE = TrendMedia/Info.plist;
				INFOPLIST_KEY_UIApplicationSupportsIndirectInputEvents = YES;
				INFOPLIST_KEY_UILaunchStoryboardName = LaunchScreen;
				INFOPLIST_KEY_UIMainStoryboardFile = Library;
				INFOPLIST_KEY_UISupportedInterfaceOrientations_iPad = "UIInterfaceOrientationPortrait UIInterfaceOrientationPortraitUpsideDown UIInterfaceOrientationLandscapeLeft UIInterfaceOrientationLandscapeRight";
				INFOPLIST_KEY_UISupportedInterfaceOrientations_iPhone = "UIInterfaceOrientationPortrait UIInterfaceOrientationLandscapeLeft UIInterfaceOrientationLandscapeRight";
				LD_RUNPATH_SEARCH_PATHS = (
					"$(inherited)",
					"@executable_path/Frameworks",
				);
				MARKETING_VERSION = 1.0;
				PRODUCT_BUNDLE_IDENTIFIER = com.jonghwan.TrendMedia;
				PRODUCT_NAME = "$(TARGET_NAME)";
				SWIFT_EMIT_LOC_STRINGS = YES;
				SWIFT_VERSION = 5.0;
				TARGETED_DEVICE_FAMILY = "1,2";
			};
			name = Release;
		};
/* End XCBuildConfiguration section */

/* Begin XCConfigurationList section */
		6AA7B9822884DDD3008E445D /* Build configuration list for PBXProject "TrendMedia" */ = {
			isa = XCConfigurationList;
			buildConfigurations = (
				6AA7B9992884DDD5008E445D /* Debug */,
				6AA7B99A2884DDD5008E445D /* Release */,
			);
			defaultConfigurationIsVisible = 0;
			defaultConfigurationName = Release;
		};
		6AA7B99B2884DDD5008E445D /* Build configuration list for PBXNativeTarget "TrendMedia" */ = {
			isa = XCConfigurationList;
			buildConfigurations = (
				6AA7B99C2884DDD5008E445D /* Debug */,
				6AA7B99D2884DDD5008E445D /* Release */,
			);
			defaultConfigurationIsVisible = 0;
			defaultConfigurationName = Release;
		};
/* End XCConfigurationList section */

/* Begin XCRemoteSwiftPackageReference section */
		6ABEC47B2887AE5A00BE6F92 /* XCRemoteSwiftPackageReference "Kingfisher" */ = {
			isa = XCRemoteSwiftPackageReference;
			repositoryURL = "https://github.com/onevcat/Kingfisher";
			requirement = {
				kind = upToNextMajorVersion;
				minimumVersion = 7.0.0;
			};
		};
		6ABEC47E2887AE6C00BE6F92 /* XCRemoteSwiftPackageReference "Toast-Swift" */ = {
			isa = XCRemoteSwiftPackageReference;
			repositoryURL = "https://github.com/scalessec/Toast-Swift.git";
			requirement = {
				kind = upToNextMajorVersion;
				minimumVersion = 5.0.0;
			};
		};
/* End XCRemoteSwiftPackageReference section */

/* Begin XCSwiftPackageProductDependency section */
		6ABEC47C2887AE5A00BE6F92 /* Kingfisher */ = {
			isa = XCSwiftPackageProductDependency;
			package = 6ABEC47B2887AE5A00BE6F92 /* XCRemoteSwiftPackageReference "Kingfisher" */;
			productName = Kingfisher;
		};
		6ABEC47F2887AE6C00BE6F92 /* Toast */ = {
			isa = XCSwiftPackageProductDependency;
			package = 6ABEC47E2887AE6C00BE6F92 /* XCRemoteSwiftPackageReference "Toast-Swift" */;
			productName = Toast;
		};
/* End XCSwiftPackageProductDependency section */
	};
	rootObject = 6AA7B97F2884DDD3008E445D /* Project object */;
}
